Microsoft Visual Studio Solution File, Format Version 12.00
# Visual Studio 2012
Project("{FAE04EC0-301F-11D3-BF4B-00C04F79EFBC}") = "Defend", "Defend.csproj", "{FD6947AD-4125-465E-8127-91633AEDC48A}"
EndProject
Global
	GlobalSection(SolutionConfigurationPlatforms) = preSolution
	Debug|Any CPU = Debug|Any CPU
	ExportDebug|Any CPU = ExportDebug|Any CPU
	ExportRelease|Any CPU = ExportRelease|Any CPU
	EndGlobalSection
	GlobalSection(ProjectConfigurationPlatforms) = postSolution
		{FD6947AD-4125-465E-8127-91633AEDC48A}.Debug|Any CPU.ActiveCfg = Debug|Any CPU
		{FD6947AD-4125-465E-8127-91633AEDC48A}.Debug|Any CPU.Build.0 = Debug|Any CPU
		{FD6947AD-4125-465E-8127-91633AEDC48A}.ExportDebug|Any CPU.ActiveCfg = ExportDebug|Any CPU
		{FD6947AD-4125-465E-8127-91633AEDC48A}.ExportDebug|Any CPU.Build.0 = ExportDebug|Any CPU
		{FD6947AD-4125-465E-8127-91633AEDC48A}.ExportRelease|Any CPU.ActiveCfg = ExportRelease|Any CPU
		{FD6947AD-4125-465E-8127-91633AEDC48A}.ExportRelease|Any CPU.Build.0 = ExportRelease|Any CPU
	EndGlobalSection
EndGlobal
